
Microsoft Visual Studio Solution File, Format Version 12.00
# Visual Studio Version 16
VisualStudioVersion = 16.0.31205.134
MinimumVisualStudioVersion = 10.0.40219.1
Project("{FAE04EC0-301F-11D3-BF4B-00C04F79EFBC}") = "SWGOH.Tools", "SWGOH.Tools\SWGOH.Tools.csproj", "{18E9F317-87AB-488B-9FDD-07E2036F0F54}"
EndProject
Project("{FAE04EC0-301F-11D3-BF4B-00C04F79EFBC}") = "SWGOH.Models", "SWGOH.Models\SWGOH.Models.csproj", "{32593EED-BF40-4DFD-B0D7-503B9D33199A}"
EndProject
Global
	GlobalSection(SolutionConfigurationPlatforms) = preSolution
		Debug|Any CPU = Debug|Any CPU
		Release|Any CPU = Release|Any CPU
	EndGlobalSection
	GlobalSection(ProjectConfigurationPlatforms) = postSolution
		{18E9F317-87AB-488B-9FDD-07E2036F0F54}.Debug|Any CPU.ActiveCfg = Debug|Any CPU
		{18E9F317-87AB-488B-9FDD-07E2036F0F54}.Debug|Any CPU.Build.0 = Debug|Any CPU
		{18E9F317-87AB-488B-9FDD-07E2036F0F54}.Release|Any CPU.ActiveCfg = Release|Any CPU
		{18E9F317-87AB-488B-9FDD-07E2036F0F54}.Release|Any CPU.Build.0 = Release|Any CPU
		{32593EED-BF40-4DFD-B0D7-503B9D33199A}.Debug|Any CPU.ActiveCfg = Debug|Any CPU
		{32593EED-BF40-4DFD-B0D7-503B9D33199A}.Debug|Any CPU.Build.0 = Debug|Any CPU
		{32593EED-BF40-4DFD-B0D7-503B9D33199A}.Release|Any CPU.ActiveCfg = Release|Any CPU
		{32593EED-BF40-4DFD-B0D7-503B9D33199A}.Release|Any CPU.Build.0 = Release|Any CPU
	EndGlobalSection
	GlobalSection(SolutionProperties) = preSolution
		HideSolutionNode = FALSE
	EndGlobalSection
	GlobalSection(ExtensibilityGlobals) = postSolution
		SolutionGuid = {A6234805-A605-49C0-83CD-592B4BDA3E41}
	EndGlobalSection
EndGlobal
